// !$*UTF8*$!
{
	archiveVersion = 1;
	classes = {
	};
	objectVersion = 77;
	objects = {

/* Begin PBXBuildFile section */
		5C17363A2D26F0D900D3853A /* Produkt+CoreDataProperties.swift in Sources */ = {isa = PBXBuildFile; fileRef = 5C1736392D26F0D900D3853A /* Produkt+CoreDataProperties.swift */; };
		5C17363B2D26F0D900D3853A /* Kategoria+CoreDataProperties.swift in Sources */ = {isa = PBXBuildFile; fileRef = 5C1736372D26F0D900D3853A /* Kategoria+CoreDataProperties.swift */; };
		5C17363C2D26F0D900D3853A /* Produkt+CoreDataClass.swift in Sources */ = {isa = PBXBuildFile; fileRef = 5C1736382D26F0D900D3853A /* Produkt+CoreDataClass.swift */; };
		5C17363D2D26F0D900D3853A /* Kategoria+CoreDataClass.swift in Sources */ = {isa = PBXBuildFile; fileRef = 5C1736362D26F0D900D3853A /* Kategoria+CoreDataClass.swift */; };
/* End PBXBuildFile section */

/* Begin PBXContainerItemProxy section */
		5C17361A2D26EF7A00D3853A /* PBXContainerItemProxy */ = {
			isa = PBXContainerItemProxy;
			containerPortal = 5C1735FC2D26EF7800D3853A /* Project object */;
			proxyType = 1;
			remoteGlobalIDString = 5C1736032D26EF7800D3853A;
			remoteInfo = ShopList;
		};
		5C1736242D26EF7A00D3853A /* PBXContainerItemProxy */ = {
			isa = PBXContainerItemProxy;
			containerPortal = 5C1735FC2D26EF7800D3853A /* Project object */;
			proxyType = 1;
			remoteGlobalIDString = 5C1736032D26EF7800D3853A;
			remoteInfo = ShopList;
		};
/* End PBXContainerItemProxy section */

/* Begin PBXFileReference section */
		5C1736042D26EF7800D3853A /* ShopList.app */ = {isa = PBXFileReference; explicitFileType = wrapper.application; includeInIndex = 0; path = ShopList.app; sourceTree = BUILT_PRODUCTS_DIR; };
		5C1736192D26EF7A00D3853A /* ShopListTests.xctest */ = {isa = PBXFileReference; explicitFileType = wrapper.cfbundle; includeInIndex = 0; path = ShopListTests.xctest; sourceTree = BUILT_PRODUCTS_DIR; };
		5C1736232D26EF7A00D3853A /* ShopListUITests.xctest */ = {isa = PBXFileReference; explicitFileType = wrapper.cfbundle; includeInIndex = 0; path = ShopListUITests.xctest; sourceTree = BUILT_PRODUCTS_DIR; };
		5C1736362D26F0D900D3853A /* Kategoria+CoreDataClass.swift */ = {isa = PBXFileReference; lastKnownFileType = sourcecode.swift; path = "Kategoria+CoreDataClass.swift"; sourceTree = "<group>"; };
		5C1736372D26F0D900D3853A /* Kategoria+CoreDataProperties.swift */ = {isa = PBXFileReference; lastKnownFileType = sourcecode.swift; path = "Kategoria+CoreDataProperties.swift"; sourceTree = "<group>"; };
		5C1736382D26F0D900D3853A /* Produkt+CoreDataClass.swift */ = {isa = PBXFileReference; lastKnownFileType = sourcecode.swift; path = "Produkt+CoreDataClass.swift"; sourceTree = "<group>"; };
		5C1736392D26F0D900D3853A /* Produkt+CoreDataProperties.swift */ = {isa = PBXFileReference; lastKnownFileType = sourcecode.swift; path = "Produkt+CoreDataProperties.swift"; sourceTree = "<group>"; };
/* End PBXFileReference section */

/* Begin PBXFileSystemSynchronizedRootGroup section */
		5C1736062D26EF7800D3853A /* ShopList */ = {
			isa = PBXFileSystemSynchronizedRootGroup;
			path = ShopList;
			sourceTree = "<group>";
		};
		5C17361C2D26EF7A00D3853A /* ShopListTests */ = {
			isa = PBXFileSystemSynchronizedRootGroup;
			path = ShopListTests;
			sourceTree = "<group>";
		};
		5C1736262D26EF7A00D3853A /* ShopListUITests */ = {
			isa = PBXFileSystemSynchronizedRootGroup;
			path = ShopListUITests;
			sourceTree = "<group>";
		};
/* End PBXFileSystemSynchronizedRootGroup section */

/* Begin PBXFrameworksBuildPhase section */
		5C1736012D26EF7800D3853A /* Frameworks */ = {
			isa = PBXFrameworksBuildPhase;
			buildActionMask = 2147483647;
			files = (
			);
			runOnlyForDeploymentPostprocessing = 0;
		};
		5C1736162D26EF7A00D3853A /* Frameworks */ = {
			isa = PBXFrameworksBuildPhase;
			buildActionMask = 2147483647;
			files = (
			);
			runOnlyForDeploymentPostprocessing = 0;
		};
		5C1736202D26EF7A00D3853A /* Frameworks */ = {
			isa = PBXFrameworksBuildPhase;
			buildActionMask = 2147483647;
			files = (
			);
			runOnlyForDeploymentPostprocessing = 0;
		};
/* End PBXFrameworksBuildPhase section */

/* Begin PBXGroup section */
		5C1735FB2D26EF7800D3853A = {
			isa = PBXGroup;
			children = (
				5C1736362D26F0D900D3853A /* Kategoria+CoreDataClass.swift */,
				5C1736372D26F0D900D3853A /* Kategoria+CoreDataProperties.swift */,
				5C1736382D26F0D900D3853A /* Produkt+CoreDataClass.swift */,
				5C1736392D26F0D900D3853A /* Produkt+CoreDataProperties.swift */,
				5C1736062D26EF7800D3853A /* ShopList */,
				5C17361C2D26EF7A00D3853A /* ShopListTests */,
				5C1736262D26EF7A00D3853A /* ShopListUITests */,
				5C1736052D26EF7800D3853A /* Products */,
			);
			sourceTree = "<group>";
		};
		5C1736052D26EF7800D3853A /* Products */ = {
			isa = PBXGroup;
			children = (
				5C1736042D26EF7800D3853A /* ShopList.app */,
				5C1736192D26EF7A00D3853A /* ShopListTests.xctest */,
				5C1736232D26EF7A00D3853A /* ShopListUITests.xctest */,
			);
			name = Products;
			sourceTree = "<group>";
		};
/* End PBXGroup section */

/* Begin PBXNativeTarget section */
		5C1736032D26EF7800D3853A /* ShopList */ = {
			isa = PBXNativeTarget;
			buildConfigurationList = 5C17362D2D26EF7A00D3853A /* Build configuration list for PBXNativeTarget "ShopList" */;
			buildPhases = (
				5C1736002D26EF7800D3853A /* Sources */,
				5C1736012D26EF7800D3853A /* Frameworks */,
				5C1736022D26EF7800D3853A /* Resources */,
			);
			buildRules = (
			);
			dependencies = (
			);
			fileSystemSynchronizedGroups = (
				5C1736062D26EF7800D3853A /* ShopList */,
			);
			name = ShopList;
			packageProductDependencies = (
			);
			productName = ShopList;
			productReference = 5C1736042D26EF7800D3853A /* ShopList.app */;
			productType = "com.apple.product-type.application";
		};
		5C1736182D26EF7A00D3853A /* ShopListTests */ = {
			isa = PBXNativeTarget;
			buildConfigurationList = 5C1736302D26EF7A00D3853A /* Build configuration list for PBXNativeTarget "ShopListTests" */;
			buildPhases = (
				5C1736152D26EF7A00D3853A /* Sources */,
				5C1736162D26EF7A00D3853A /* Frameworks */,
				5C1736172D26EF7A00D3853A /* Resources */,
			);
			buildRules = (
			);
			dependencies = (
				5C17361B2D26EF7A00D3853A /* PBXTargetDependency */,
			);
			fileSystemSynchronizedGroups = (
				5C17361C2D26EF7A00D3853A /* ShopListTests */,
			);
			name = ShopListTests;
			packageProductDependencies = (
			);
			productName = ShopListTests;
			productReference = 5C1736192D26EF7A00D3853A /* ShopListTests.xctest */;
			productType = "com.apple.product-type.bundle.unit-test";
		};
		5C1736222D26EF7A00D3853A /* ShopListUITests */ = {
			isa = PBXNativeTarget;
			buildConfigurationList = 5C1736332D26EF7A00D3853A /* Build configuration list for PBXNativeTarget "ShopListUITests" */;
			buildPhases = (
				5C17361F2D26EF7A00D3853A /* Sources */,
				5C1736202D26EF7A00D3853A /* Frameworks */,
				5C1736212D26EF7A00D3853A /* Resources */,
			);
			buildRules = (
			);
			dependencies = (
				5C1736252D26EF7A00D3853A /* PBXTargetDependency */,
			);
			fileSystemSynchronizedGroups = (
				5C1736262D26EF7A00D3853A /* ShopListUITests */,
			);
			name = ShopListUITests;
			packageProductDependencies = (
			);
			productName = ShopListUITests;
			productReference = 5C1736232D26EF7A00D3853A /* ShopListUITests.xctest */;
			productType = "com.apple.product-type.bundle.ui-testing";
		};
/* End PBXNativeTarget section */

/* Begin PBXProject section */
		5C1735FC2D26EF7800D3853A /* Project object */ = {
			isa = PBXProject;
			attributes = {
				BuildIndependentTargetsInParallel = 1;
				LastSwiftUpdateCheck = 1610;
				LastUpgradeCheck = 1610;
				TargetAttributes = {
					5C1736032D26EF7800D3853A = {
						CreatedOnToolsVersion = 16.1;
					};
					5C1736182D26EF7A00D3853A = {
						CreatedOnToolsVersion = 16.1;
						TestTargetID = 5C1736032D26EF7800D3853A;
					};
					5C1736222D26EF7A00D3853A = {
						CreatedOnToolsVersion = 16.1;
						TestTargetID = 5C1736032D26EF7800D3853A;
					};
				};
			};
			buildConfigurationList = 5C1735FF2D26EF7800D3853A /* Build configuration list for PBXProject "ShopList" */;
			developmentRegion = en;
			hasScannedForEncodings = 0;
			knownRegions = (
				en,
				Base,
			);
			mainGroup = 5C1735FB2D26EF7800D3853A;
			minimizedProjectReferenceProxies = 1;
			preferredProjectObjectVersion = 77;
			productRefGroup = 5C1736052D26EF7800D3853A /* Products */;
			projectDirPath = "";
			projectRoot = "";
			targets = (
				5C1736032D26EF7800D3853A /* ShopList */,
				5C1736182D26EF7A00D3853A /* ShopListTests */,
				5C1736222D26EF7A00D3853A /* ShopListUITests */,
			);
		};
/* End PBXProject section */

/* Begin PBXResourcesBuildPhase section */
		5C1736022D26EF7800D3853A /* Resources */ = {
			isa = PBXResourcesBuildPhase;
			buildActionMask = 2147483647;
			files = (
			);
			runOnlyForDeploymentPostprocessing = 0;
		};
		5C1736172D26EF7A00D3853A /* Resources */ = {
			isa = PBXResourcesBuildPhase;
			buildActionMask = 2147483647;
			files = (
			);
			runOnlyForDeploymentPostprocessing = 0;
		};
		5C1736212D26EF7A00D3853A /* Resources */ = {
			isa = PBXResourcesBuildPhase;
			buildActionMask = 2147483647;
			files = (
			);
			runOnlyForDeploymentPostprocessing = 0;
		};
/* End PBXResourcesBuildPhase section */

/* Begin PBXSourcesBuildPhase section */
		5C1736002D26EF7800D3853A /* Sources */ = {
			isa = PBXSourcesBuildPhase;
			buildActionMask = 2147483647;
			files = (
				5C17363A2D26F0D900D3853A /* Produkt+CoreDataProperties.swift in Sources */,
				5C17363B2D26F0D900D3853A /* Kategoria+CoreDataProperties.swift in Sources */,
				5C17363C2D26F0D900D3853A /* Produkt+CoreDataClass.swift in Sources */,
				5C17363D2D26F0D900D3853A /* Kategoria+CoreDataClass.swift in Sources */,
			);
			runOnlyForDeploymentPostprocessing = 0;
		};
		5C1736152D26EF7A00D3853A /* Sources */ = {
			isa = PBXSourcesBuildPhase;
			buildActionMask = 2147483647;
			files = (
			);
			runOnlyForDeploymentPostprocessing = 0;
		};
		5C17361F2D26EF7A00D3853A /* Sources */ = {
			isa = PBXSourcesBuildPhase;
			buildActionMask = 2147483647;
			files = (
			);
			runOnlyForDeploymentPostprocessing = 0;
		};
/* End PBXSourcesBuildPhase section */

/* Begin PBXTargetDependency section */
		5C17361B2D26EF7A00D3853A /* PBXTargetDependency */ = {
			isa = PBXTargetDependency;
			target = 5C1736032D26EF7800D3853A /* ShopList */;
			targetProxy = 5C17361A2D26EF7A00D3853A /* PBXContainerItemProxy */;
		};
		5C1736252D26EF7A00D3853A /* PBXTargetDependency */ = {
			isa = PBXTargetDependency;
			target = 5C1736032D26EF7800D3853A /* ShopList */;
			targetProxy = 5C1736242D26EF7A00D3853A /* PBXContainerItemProxy */;
		};
/* End PBXTargetDependency section */

/* Begin XCBuildConfiguration section */
		5C17362B2D26EF7A00D3853A /* Debug */ = {
			isa = XCBuildConfiguration;
			buildSettings = {
				ALWAYS_SEARCH_USER_PATHS = NO;
				ASSETCATALOG_COMPILER_GENERATE_SWIFT_ASSET_SYMBOL_EXTENSIONS = YES;
				CLANG_ANALYZER_NONNULL = YES;
				CLANG_ANALYZER_NUMBER_OBJECT_CONVERSION = YES_AGGRESSIVE;
				CLANG_CXX_LANGUAGE_STANDARD = "gnu++20";
				CLANG_ENABLE_MODULES = YES;
				CLANG_ENABLE_OBJC_ARC = YES;
				CLANG_ENABLE_OBJC_WEAK = YES;
				CLANG_WARN_BLOCK_CAPTURE_AUTORELEASING = YES;
				CLANG_WARN_BOOL_CONVERSION = YES;
				CLANG_WARN_COMMA = YES;
				CLANG_WARN_CONSTANT_CONVERSION = YES;
				CLANG_WARN_DEPRECATED_OBJC_IMPLEMENTATIONS = YES;
				CLANG_WARN_DIRECT_OBJC_ISA_USAGE = YES_ERROR;
				CLANG_WARN_DOCUMENTATION_COMMENTS = YES;
				CLANG_WARN_EMPTY_BODY = YES;
				CLANG_WARN_ENUM_CONVERSION = YES;
				CLANG_WARN_INFINITE_RECURSION = YES;
				CLANG_WARN_INT_CONVERSION = YES;
				CLANG_WARN_NON_LITERAL_NULL_CONVERSION = YES;
				CLANG_WARN_OBJC_IMPLICIT_RETAIN_SELF = YES;
				CLANG_WARN_OBJC_LITERAL_CONVERSION = YES;
				CLANG_WARN_OBJC_ROOT_CLASS = YES_ERROR;
				CLANG_WARN_QUOTED_INCLUDE_IN_FRAMEWORK_HEADER = YES;
				CLANG_WARN_RANGE_LOOP_ANALYSIS = YES;
				CLANG_WARN_STRICT_PROTOTYPES = YES;
				CLANG_WARN_SUSPICIOUS_MOVE = YES;
				CLANG_WARN_UNGUARDED_AVAILABILITY = YES_AGGRESSIVE;
				CLANG_WARN_UNREACHABLE_CODE = YES;
				CLANG_WARN__DUPLICATE_METHOD_MATCH = YES;
				COPY_PHASE_STRIP = NO;
				DEBUG_INFORMATION_FORMAT = dwarf;
				ENABLE_STRICT_OBJC_MSGSEND = YES;
				ENABLE_TESTABILITY = YES;
				ENABLE_USER_SCRIPT_SANDBOXING = YES;
				GCC_C_LANGUAGE_STANDARD = gnu17;
				GCC_DYNAMIC_NO_PIC = NO;
				GCC_NO_COMMON_BLOCKS = YES;
				GCC_OPTIMIZATION_LEVEL = 0;
				GCC_PREPROCESSOR_DEFINITIONS = (
					"DEBUG=1",
					"$(inherited)",
				);
				GCC_WARN_64_TO_32_BIT_CONVERSION = YES;
				GCC_WARN_ABOUT_RETURN_TYPE = YES_ERROR;
				GCC_WARN_UNDECLARED_SELECTOR = YES;
				GCC_WARN_UNINITIALIZED_AUTOS = YES_AGGRESSIVE;
				GCC_WARN_UNUSED_FUNCTION = YES;
				GCC_WARN_UNUSED_VARIABLE = YES;
				IPHONEOS_DEPLOYMENT_TARGET = 18.1;
				LOCALIZATION_PREFERS_STRING_CATALOGS = YES;
				MTL_ENABLE_DEBUG_INFO = INCLUDE_SOURCE;
				MTL_FAST_MATH = YES;
				ONLY_ACTIVE_ARCH = YES;
				SDKROOT = iphoneos;
				SWIFT_ACTIVE_COMPILATION_CONDITIONS = "DEBUG $(inherited)";
				SWIFT_OPTIMIZATION_LEVEL = "-Onone";
			};
			name = Debug;
		};
		5C17362C2D26EF7A00D3853A /* Release */ = {
			isa = XCBuildConfiguration;
			buildSettings = {
				ALWAYS_SEARCH_USER_PATHS = NO;
				ASSETCATALOG_COMPILER_GENERATE_SWIFT_ASSET_SYMBOL_EXTENSIONS = YES;
				CLANG_ANALYZER_NONNULL = YES;
				CLANG_ANALYZER_NUMBER_OBJECT_CONVERSION = YES_AGGRESSIVE;
				CLANG_CXX_LANGUAGE_STANDARD = "gnu++20";
				CLANG_ENABLE_MODULES = YES;
				CLANG_ENABLE_OBJC_ARC = YES;
				CLANG_ENABLE_OBJC_WEAK = YES;
				CLANG_WARN_BLOCK_CAPTURE_AUTORELEASING = YES;
				CLANG_WARN_BOOL_CONVERSION = YES;
				CLANG_WARN_COMMA = YES;
				CLANG_WARN_CONSTANT_CONVERSION = YES;
				CLANG_WARN_DEPRECATED_OBJC_IMPLEMENTATIONS = YES;
				CLANG_WARN_DIRECT_OBJC_ISA_USAGE = YES_ERROR;
				CLANG_WARN_DOCUMENTATION_COMMENTS = YES;
				CLANG_WARN_EMPTY_BODY = YES;
				CLANG_WARN_ENUM_CONVERSION = YES;
				CLANG_WARN_INFINITE_RECURSION = YES;
				CLANG_WARN_INT_CONVERSION = YES;
				CLANG_WARN_NON_LITERAL_NULL_CONVERSION = YES;
				CLANG_WARN_OBJC_IMPLICIT_RETAIN_SELF = YES;
				CLANG_WARN_OBJC_LITERAL_CONVERSION = YES;
				CLANG_WARN_OBJC_ROOT_CLASS = YES_ERROR;
				CLANG_WARN_QUOTED_INCLUDE_IN_FRAMEWORK_HEADER = YES;
				CLANG_WARN_RANGE_LOOP_ANALYSIS = YES;
				CLANG_WARN_STRICT_PROTOTYPES = YES;
				CLANG_WARN_SUSPICIOUS_MOVE = YES;
				CLANG_WARN_UNGUARDED_AVAILABILITY = YES_AGGRESSIVE;
				CLANG_WARN_UNREACHABLE_CODE = YES;
				CLANG_WARN__DUPLICATE_METHOD_MATCH = YES;
				COPY_PHASE_STRIP = NO;
				DEBUG_INFORMATION_FORMAT = "dwarf-with-dsym";
				ENABLE_NS_ASSERTIONS = NO;
				ENABLE_STRICT_OBJC_MSGSEND = YES;
				ENABLE_USER_SCRIPT_SANDBOXING = YES;
				GCC_C_LANGUAGE_STANDARD = gnu17;
				GCC_NO_COMMON_BLOCKS = YES;
				GCC_WARN_64_TO_32_BIT_CONVERSION = YES;
				GCC_WARN_ABOUT_RETURN_TYPE = YES_ERROR;
				GCC_WARN_UNDECLARED_SELECTOR = YES;
				GCC_WARN_UNINITIALIZED_AUTOS = YES_AGGRESSIVE;
				GCC_WARN_UNUSED_FUNCTION = YES;
				GCC_WARN_UNUSED_VARIABLE = YES;
				IPHONEOS_DEPLOYMENT_TARGET = 18.1;
				LOCALIZATION_PREFERS_STRING_CATALOGS = YES;
				MTL_ENABLE_DEBUG_INFO = NO;
				MTL_FAST_MATH = YES;
				SDKROOT = iphoneos;
				SWIFT_COMPILATION_MODE = wholemodule;
				VALIDATE_PRODUCT = YES;
			};
			name = Release;
		};
		5C17362E2D26EF7A00D3853A /* Debug */ = {
			isa = XCBuildConfiguration;
			buildSettings = {
				ASSETCATALOG_COMPILER_APPICON_NAME = AppIcon;
				ASSETCATALOG_COMPILER_GLOBAL_ACCENT_COLOR_NAME = AccentColor;
				CODE_SIGN_STYLE = Automatic;
				CURRENT_PROJECT_VERSION = 1;
				DEVELOPMENT_ASSET_PATHS = "\"ShopList/Preview Content\"";
				ENABLE_PREVIEWS = YES;
				GENERATE_INFOPLIST_FILE = YES;
				INFOPLIST_KEY_UIApplicationSceneManifest_Generation = YES;
				INFOPLIST_KEY_UIApplicationSupportsIndirectInputEvents = YES;
				INFOPLIST_KEY_UILaunchScreen_Generation = YES;
				INFOPLIST_KEY_UISupportedInterfaceOrientations_iPad = "UIInterfaceOrientationPortrait UIInterfaceOrientationPortraitUpsideDown UIInterfaceOrientationLandscapeLeft UIInterfaceOrientationLandscapeRight";
				INFOPLIST_KEY_UISupportedInterfaceOrientations_iPhone = "UIInterfaceOrientationPortrait UIInterfaceOrientationLandscapeLeft UIInterfaceOrientationLandscapeRight";
				LD_RUNPATH_SEARCH_PATHS = (
					"$(inherited)",
					"@executable_path/Frameworks",
				);
				MARKETING_VERSION = 1.0;
				PRODUCT_BUNDLE_IDENTIFIER = Zadanie3.ShopList;
				PRODUCT_NAME = "$(TARGET_NAME)";
				SWIFT_EMIT_LOC_STRINGS = YES;
				SWIFT_VERSION = 5.0;
				TARGETED_DEVICE_FAMILY = "1,2";
			};
			name = Debug;
		};
		5C17362F2D26EF7A00D3853A /* Release */ = {
			isa = XCBuildConfiguration;
			buildSettings = {
				ASSETCATALOG_COMPILER_APPICON_NAME = AppIcon;
				ASSETCATALOG_COMPILER_GLOBAL_ACCENT_COLOR_NAME = AccentColor;
				CODE_SIGN_STYLE = Automatic;
				CURRENT_PROJECT_VERSION = 1;
				DEVELOPMENT_ASSET_PATHS = "\"ShopList/Preview Content\"";
				ENABLE_PREVIEWS = YES;
				GENERATE_INFOPLIST_FILE = YES;
				INFOPLIST_KEY_UIApplicationSceneManifest_Generation = YES;
				INFOPLIST_KEY_UIApplicationSupportsIndirectInputEvents = YES;
				INFOPLIST_KEY_UILaunchScreen_Generation = YES;
				INFOPLIST_KEY_UISupportedInterfaceOrientations_iPad = "UIInterfaceOrientationPortrait UIInterfaceOrientationPortraitUpsideDown UIInterfaceOrientationLandscapeLeft UIInterfaceOrientationLandscapeRight";
				INFOPLIST_KEY_UISupportedInterfaceOrientations_iPhone = "UIInterfaceOrientationPortrait UIInterfaceOrientationLandscapeLeft UIInterfaceOrientationLandscapeRight";
				LD_RUNPATH_SEARCH_PATHS = (
					"$(inherited)",
					"@executable_path/Frameworks",
				);
				MARKETING_VERSION = 1.0;
				PRODUCT_BUNDLE_IDENTIFIER = Zadanie3.ShopList;
				PRODUCT_NAME = "$(TARGET_NAME)";
				SWIFT_EMIT_LOC_STRINGS = YES;
				SWIFT_VERSION = 5.0;
				TARGETED_DEVICE_FAMILY = "1,2";
			};
			name = Release;
		};
		5C1736312D26EF7A00D3853A /* Debug */ = {
			isa = XCBuildConfiguration;
			buildSettings = {
				BUNDLE_LOADER = "$(TEST_HOST)";
				CODE_SIGN_STYLE = Automatic;
				CURRENT_PROJECT_VERSION = 1;
				GENERATE_INFOPLIST_FILE = YES;
				IPHONEOS_DEPLOYMENT_TARGET = 18.1;
				MARKETING_VERSION = 1.0;
				PRODUCT_BUNDLE_IDENTIFIER = Zadanie3.ShopListTests;
				PRODUCT_NAME = "$(TARGET_NAME)";
				SWIFT_EMIT_LOC_STRINGS = NO;
				SWIFT_VERSION = 5.0;
				TARGETED_DEVICE_FAMILY = "1,2";
				TEST_HOST = "$(BUILT_PRODUCTS_DIR)/ShopList.app/$(BUNDLE_EXECUTABLE_FOLDER_PATH)/ShopList";
			};
			name = Debug;
		};
		5C1736322D26EF7A00D3853A /* Release */ = {
			isa = XCBuildConfiguration;
			buildSettings = {
				BUNDLE_LOADER = "$(TEST_HOST)";
				CODE_SIGN_STYLE = Automatic;
				CURRENT_PROJECT_VERSION = 1;
				GENERATE_INFOPLIST_FILE = YES;
				IPHONEOS_DEPLOYMENT_TARGET = 18.1;
				MARKETING_VERSION = 1.0;
				PRODUCT_BUNDLE_IDENTIFIER = Zadanie3.ShopListTests;
				PRODUCT_NAME = "$(TARGET_NAME)";
				SWIFT_EMIT_LOC_STRINGS = NO;
				SWIFT_VERSION = 5.0;
				TARGETED_DEVICE_FAMILY = "1,2";
				TEST_HOST = "$(BUILT_PRODUCTS_DIR)/ShopList.app/$(BUNDLE_EXECUTABLE_FOLDER_PATH)/ShopList";
			};
			name = Release;
		};
		5C1736342D26EF7A00D3853A /* Debug */ = {
			isa = XCBuildConfiguration;
			buildSettings = {
				CODE_SIGN_STYLE = Automatic;
				CURRENT_PROJECT_VERSION = 1;
				GENERATE_INFOPLIST_FILE = YES;
				MARKETING_VERSION = 1.0;
				PRODUCT_BUNDLE_IDENTIFIER = Zadanie3.ShopListUITests;
				PRODUCT_NAME = "$(TARGET_NAME)";
				SWIFT_EMIT_LOC_STRINGS = NO;
				SWIFT_VERSION = 5.0;
				TARGETED_DEVICE_FAMILY = "1,2";
				TEST_TARGET_NAME = ShopList;
			};
			name = Debug;
		};
		5C1736352D26EF7A00D3853A /* Release */ = {
			isa = XCBuildConfiguration;
			buildSettings = {
				CODE_SIGN_STYLE = Automatic;
				CURRENT_PROJECT_VERSION = 1;
				GENERATE_INFOPLIST_FILE = YES;
				MARKETING_VERSION = 1.0;
				PRODUCT_BUNDLE_IDENTIFIER = Zadanie3.ShopListUITests;
				PRODUCT_NAME = "$(TARGET_NAME)";
				SWIFT_EMIT_LOC_STRINGS = NO;
				SWIFT_VERSION = 5.0;
				TARGETED_DEVICE_FAMILY = "1,2";
				TEST_TARGET_NAME = ShopList;
			};
			name = Release;
		};
/* End XCBuildConfiguration section */

/* Begin XCConfigurationList section */
		5C1735FF2D26EF7800D3853A /* Build configuration list for PBXProject "ShopList" */ = {
			isa = XCConfigurationList;
			buildConfigurations = (
				5C17362B2D26EF7A00D3853A /* Debug */,
				5C17362C2D26EF7A00D3853A /* Release */,
			);
			defaultConfigurationIsVisible = 0;
			defaultConfigurationName = Release;
		};
		5C17362D2D26EF7A00D3853A /* Build configuration list for PBXNativeTarget "ShopList" */ = {
			isa = XCConfigurationList;
			buildConfigurations = (
				5C17362E2D26EF7A00D3853A /* Debug */,
				5C17362F2D26EF7A00D3853A /* Release */,
			);
			defaultConfigurationIsVisible = 0;
			defaultConfigurationName = Release;
		};
		5C1736302D26EF7A00D3853A /* Build configuration list for PBXNativeTarget "ShopListTests" */ = {
			isa = XCConfigurationList;
			buildConfigurations = (
				5C1736312D26EF7A00D3853A /* Debug */,
				5C1736322D26EF7A00D3853A /* Release */,
			);
			defaultConfigurationIsVisible = 0;
			defaultConfigurationName = Release;
		};
		5C1736332D26EF7A00D3853A /* Build configuration list for PBXNativeTarget "ShopListUITests" */ = {
			isa = XCConfigurationList;
			buildConfigurations = (
				5C1736342D26EF7A00D3853A /* Debug */,
				5C1736352D26EF7A00D3853A /* Release */,
			);
			defaultConfigurationIsVisible = 0;
			defaultConfigurationName = Release;
		};
/* End XCConfigurationList section */
	};
	rootObject = 5C1735FC2D26EF7800D3853A /* Project object */;
}
